// !$*UTF8*$!
{
	archiveVersion = 1;
	classes = {
	};
	objectVersion = 46;
	objects = {

/* Begin PBXBuildFile section */
		0F6AD5FB1AE0B51100D965C5 /* AppDelegate.swift in Sources */ = {isa = PBXBuildFile; fileRef = 0F6AD5FA1AE0B51100D965C5 /* AppDelegate.swift */; };
		0F6AD5FD1AE0B51100D965C5 /* ViewController.swift in Sources */ = {isa = PBXBuildFile; fileRef = 0F6AD5FC1AE0B51100D965C5 /* ViewController.swift */; };
		0F6AD6001AE0B51100D965C5 /* Main.storyboard in Resources */ = {isa = PBXBuildFile; fileRef = 0F6AD5FE1AE0B51100D965C5 /* Main.storyboard */; };
		0F6AD6021AE0B51100D965C5 /* Images.xcassets in Resources */ = {isa = PBXBuildFile; fileRef = 0F6AD6011AE0B51100D965C5 /* Images.xcassets */; };
		0F6AD6051AE0B51100D965C5 /* LaunchScreen.xib in Resources */ = {isa = PBXBuildFile; fileRef = 0F6AD6031AE0B51100D965C5 /* LaunchScreen.xib */; };
		0F6AD6111AE0B51100D965C5 /* CLRegionMonitorTests.swift in Sources */ = {isa = PBXBuildFile; fileRef = 0F6AD6101AE0B51100D965C5 /* CLRegionMonitorTests.swift */; };
		0F6AD61B1AE0B5F000D965C5 /* MapKit.framework in Frameworks */ = {isa = PBXBuildFile; fileRef = 0F6AD61A1AE0B5F000D965C5 /* MapKit.framework */; };
		0F6AD61D1AE0B5F900D965C5 /* CoreLocation.framework in Frameworks */ = {isa = PBXBuildFile; fileRef = 0F6AD61C1AE0B5F900D965C5 /* CoreLocation.framework */; };
		0F6AD61F1AE0B89100D965C5 /* KhadaMarket.gpx in Resources */ = {isa = PBXBuildFile; fileRef = 0F6AD61E1AE0B89100D965C5 /* KhadaMarket.gpx */; };
/* End PBXBuildFile section */

/* Begin PBXContainerItemProxy section */
		0F6AD60B1AE0B51100D965C5 /* PBXContainerItemProxy */ = {
			isa = PBXContainerItemProxy;
			containerPortal = 0F6AD5ED1AE0B51100D965C5 /* Project object */;
			proxyType = 1;
			remoteGlobalIDString = 0F6AD5F41AE0B51100D965C5;
			remoteInfo = CLRegionMonitor;
		};
/* End PBXContainerItemProxy section */

/* Begin PBXFileReference section */
		0F6AD5F51AE0B51100D965C5 /* CLRegionMonitor.app */ = {isa = PBXFileReference; explicitFileType = wrapper.application; includeInIndex = 0; path = CLRegionMonitor.app; sourceTree = BUILT_PRODUCTS_DIR; };
		0F6AD5F91AE0B51100D965C5 /* Info.plist */ = {isa = PBXFileReference; lastKnownFileType = text.plist.xml; path = Info.plist; sourceTree = "<group>"; };
		0F6AD5FA1AE0B51100D965C5 /* AppDelegate.swift */ = {isa = PBXFileReference; lastKnownFileType = sourcecode.swift; path = AppDelegate.swift; sourceTree = "<group>"; };
		0F6AD5FC1AE0B51100D965C5 /* ViewController.swift */ = {isa = PBXFileReference; lastKnownFileType = sourcecode.swift; path = ViewController.swift; sourceTree = "<group>"; };
		0F6AD5FF1AE0B51100D965C5 /* Base */ = {isa = PBXFileReference; lastKnownFileType = file.storyboard; name = Base; path = Base.lproj/Main.storyboard; sourceTree = "<group>"; };
		0F6AD6011AE0B51100D965C5 /* Images.xcassets */ = {isa = PBXFileReference; lastKnownFileType = folder.assetcatalog; path = Images.xcassets; sourceTree = "<group>"; };
		0F6AD6041AE0B51100D965C5 /* Base */ = {isa = PBXFileReference; lastKnownFileType = file.xib; name = Base; path = Base.lproj/LaunchScreen.xib; sourceTree = "<group>"; };
		0F6AD60A1AE0B51100D965C5 /* CLRegionMonitorTests.xctest */ = {isa = PBXFileReference; explicitFileType = wrapper.cfbundle; includeInIndex = 0; path = CLRegionMonitorTests.xctest; sourceTree = BUILT_PRODUCTS_DIR; };
		0F6AD60F1AE0B51100D965C5 /* Info.plist */ = {isa = PBXFileReference; lastKnownFileType = text.plist.xml; path = Info.plist; sourceTree = "<group>"; };
		0F6AD6101AE0B51100D965C5 /* CLRegionMonitorTests.swift */ = {isa = PBXFileReference; lastKnownFileType = sourcecode.swift; path = CLRegionMonitorTests.swift; sourceTree = "<group>"; };
		0F6AD61A1AE0B5F000D965C5 /* MapKit.framework */ = {isa = PBXFileReference; lastKnownFileType = wrapper.framework; name = MapKit.framework; path = System/Library/Frameworks/MapKit.framework; sourceTree = SDKROOT; };
		0F6AD61C1AE0B5F900D965C5 /* CoreLocation.framework */ = {isa = PBXFileReference; lastKnownFileType = wrapper.framework; name = CoreLocation.framework; path = System/Library/Frameworks/CoreLocation.framework; sourceTree = SDKROOT; };
		0F6AD61E1AE0B89100D965C5 /* KhadaMarket.gpx */ = {isa = PBXFileReference; fileEncoding = 4; lastKnownFileType = text.xml; path = KhadaMarket.gpx; sourceTree = "<group>"; };
/* End PBXFileReference section */

/* Begin PBXFrameworksBuildPhase section */
		0F6AD5F21AE0B51100D965C5 /* Frameworks */ = {
			isa = PBXFrameworksBuildPhase;
			buildActionMask = 2147483647;
			files = (
				0F6AD61D1AE0B5F900D965C5 /* CoreLocation.framework in Frameworks */,
				0F6AD61B1AE0B5F000D965C5 /* MapKit.framework in Frameworks */,
			);
			runOnlyForDeploymentPostprocessing = 0;
		};
		0F6AD6071AE0B51100D965C5 /* Frameworks */ = {
			isa = PBXFrameworksBuildPhase;
			buildActionMask = 2147483647;
			files = (
			);
			runOnlyForDeploymentPostprocessing = 0;
		};
/* End PBXFrameworksBuildPhase section */

/* Begin PBXGroup section */
		0F6AD5EC1AE0B51100D965C5 = {
			isa = PBXGroup;
			children = (
				0F6AD61C1AE0B5F900D965C5 /* CoreLocation.framework */,
				0F6AD61A1AE0B5F000D965C5 /* MapKit.framework */,
				0F6AD61E1AE0B89100D965C5 /* KhadaMarket.gpx */,
				0F6AD5F71AE0B51100D965C5 /* CLRegionMonitor */,
				0F6AD60D1AE0B51100D965C5 /* CLRegionMonitorTests */,
				0F6AD5F61AE0B51100D965C5 /* Products */,
			);
			sourceTree = "<group>";
		};
		0F6AD5F61AE0B51100D965C5 /* Products */ = {
			isa = PBXGroup;
			children = (
				0F6AD5F51AE0B51100D965C5 /* CLRegionMonitor.app */,
				0F6AD60A1AE0B51100D965C5 /* CLRegionMonitorTests.xctest */,
			);
			name = Products;
			sourceTree = "<group>";
		};
		0F6AD5F71AE0B51100D965C5 /* CLRegionMonitor */ = {
			isa = PBXGroup;
			children = (
				0F6AD5FA1AE0B51100D965C5 /* AppDelegate.swift */,
				0F6AD5FC1AE0B51100D965C5 /* ViewController.swift */,
				0F6AD5FE1AE0B51100D965C5 /* Main.storyboard */,
				0F6AD6011AE0B51100D965C5 /* Images.xcassets */,
				0F6AD6031AE0B51100D965C5 /* LaunchScreen.xib */,
				0F6AD5F81AE0B51100D965C5 /* Supporting Files */,
			);
			path = CLRegionMonitor;
			sourceTree = "<group>";
		};
		0F6AD5F81AE0B51100D965C5 /* Supporting Files */ = {
			isa = PBXGroup;
			children = (
				0F6AD5F91AE0B51100D965C5 /* Info.plist */,
			);
			name = "Supporting Files";
			sourceTree = "<group>";
		};
		0F6AD60D1AE0B51100D965C5 /* CLRegionMonitorTests */ = {
			isa = PBXGroup;
			children = (
				0F6AD6101AE0B51100D965C5 /* CLRegionMonitorTests.swift */,
				0F6AD60E1AE0B51100D965C5 /* Supporting Files */,
			);
			path = CLRegionMonitorTests;
			sourceTree = "<group>";
		};
		0F6AD60E1AE0B51100D965C5 /* Supporting Files */ = {
			isa = PBXGroup;
			children = (
				0F6AD60F1AE0B51100D965C5 /* Info.plist */,
			);
			name = "Supporting Files";
			sourceTree = "<group>";
		};
/* End PBXGroup section */

/* Begin PBXNativeTarget section */
		0F6AD5F41AE0B51100D965C5 /* CLRegionMonitor */ = {
			isa = PBXNativeTarget;
			buildConfigurationList = 0F6AD6141AE0B51100D965C5 /* Build configuration list for PBXNativeTarget "CLRegionMonitor" */;
			buildPhases = (
				0F6AD5F11AE0B51100D965C5 /* Sources */,
				0F6AD5F21AE0B51100D965C5 /* Frameworks */,
				0F6AD5F31AE0B51100D965C5 /* Resources */,
			);
			buildRules = (
			);
			dependencies = (
			);
			name = CLRegionMonitor;
			productName = CLRegionMonitor;
			productReference = 0F6AD5F51AE0B51100D965C5 /* CLRegionMonitor.app */;
			productType = "com.apple.product-type.application";
		};
		0F6AD6091AE0B51100D965C5 /* CLRegionMonitorTests */ = {
			isa = PBXNativeTarget;
			buildConfigurationList = 0F6AD6171AE0B51100D965C5 /* Build configuration list for PBXNativeTarget "CLRegionMonitorTests" */;
			buildPhases = (
				0F6AD6061AE0B51100D965C5 /* Sources */,
				0F6AD6071AE0B51100D965C5 /* Frameworks */,
				0F6AD6081AE0B51100D965C5 /* Resources */,
			);
			buildRules = (
			);
			dependencies = (
				0F6AD60C1AE0B51100D965C5 /* PBXTargetDependency */,
			);
			name = CLRegionMonitorTests;
			productName = CLRegionMonitorTests;
			productReference = 0F6AD60A1AE0B51100D965C5 /* CLRegionMonitorTests.xctest */;
			productType = "com.apple.product-type.bundle.unit-test";
		};
/* End PBXNativeTarget section */

/* Begin PBXProject section */
		0F6AD5ED1AE0B51100D965C5 /* Project object */ = {
			isa = PBXProject;
			attributes = {
				LastUpgradeCheck = 0620;
				ORGANIZATIONNAME = Panaswift;
				TargetAttributes = {
					0F6AD5F41AE0B51100D965C5 = {
						CreatedOnToolsVersion = 6.2;
						DevelopmentTeam = SUBZ24DP5B;
						SystemCapabilities = {
							com.apple.BackgroundModes = {
								enabled = 1;
							};
						};
					};
					0F6AD6091AE0B51100D965C5 = {
						CreatedOnToolsVersion = 6.2;
						TestTargetID = 0F6AD5F41AE0B51100D965C5;
					};
				};
			};
			buildConfigurationList = 0F6AD5F01AE0B51100D965C5 /* Build configuration list for PBXProject "CLRegionMonitor" */;
			compatibilityVersion = "Xcode 3.2";
			developmentRegion = English;
			hasScannedForEncodings = 0;
			knownRegions = (
				en,
				Base,
			);
			mainGroup = 0F6AD5EC1AE0B51100D965C5;
			productRefGroup = 0F6AD5F61AE0B51100D965C5 /* Products */;
			projectDirPath = "";
			projectRoot = "";
			targets = (
				0F6AD5F41AE0B51100D965C5 /* CLRegionMonitor */,
				0F6AD6091AE0B51100D965C5 /* CLRegionMonitorTests */,
			);
		};
/* End PBXProject section */

/* Begin PBXResourcesBuildPhase section */
		0F6AD5F31AE0B51100D965C5 /* Resources */ = {
			isa = PBXResourcesBuildPhase;
			buildActionMask = 2147483647;
			files = (
				0F6AD6001AE0B51100D965C5 /* Main.storyboard in Resources */,
				0F6AD61F1AE0B89100D965C5 /* KhadaMarket.gpx in Resources */,
				0F6AD6051AE0B51100D965C5 /* LaunchScreen.xib in Resources */,
				0F6AD6021AE0B51100D965C5 /* Images.xcassets in Resources */,
			);
			runOnlyForDeploymentPostprocessing = 0;
		};
		0F6AD6081AE0B51100D965C5 /* Resources */ = {
			isa = PBXResourcesBuildPhase;
			buildActionMask = 2147483647;
			files = (
			);
			runOnlyForDeploymentPostprocessing = 0;
		};
/* End PBXResourcesBuildPhase section */

/* Begin PBXSourcesBuildPhase section */
		0F6AD5F11AE0B51100D965C5 /* Sources */ = {
			isa = PBXSourcesBuildPhase;
			buildActionMask = 2147483647;
			files = (
				0F6AD5FD1AE0B51100D965C5 /* ViewController.swift in Sources */,
				0F6AD5FB1AE0B51100D965C5 /* AppDelegate.swift in Sources */,
			);
			runOnlyForDeploymentPostprocessing = 0;
		};
		0F6AD6061AE0B51100D965C5 /* Sources */ = {
			isa = PBXSourcesBuildPhase;
			buildActionMask = 2147483647;
			files = (
				0F6AD6111AE0B51100D965C5 /* CLRegionMonitorTests.swift in Sources */,
			);
			runOnlyForDeploymentPostprocessing = 0;
		};
/* End PBXSourcesBuildPhase section */

/* Begin PBXTargetDependency section */
		0F6AD60C1AE0B51100D965C5 /* PBXTargetDependency */ = {
			isa = PBXTargetDependency;
			target = 0F6AD5F41AE0B51100D965C5 /* CLRegionMonitor */;
			targetProxy = 0F6AD60B1AE0B51100D965C5 /* PBXContainerItemProxy */;
		};
/* End PBXTargetDependency section */

/* Begin PBXVariantGroup section */
		0F6AD5FE1AE0B51100D965C5 /* Main.storyboard */ = {
			isa = PBXVariantGroup;
			children = (
				0F6AD5FF1AE0B51100D965C5 /* Base */,
			);
			name = Main.storyboard;
			sourceTree = "<group>";
		};
		0F6AD6031AE0B51100D965C5 /* LaunchScreen.xib */ = {
			isa = PBXVariantGroup;
			children = (
				0F6AD6041AE0B51100D965C5 /* Base */,
			);
			name = LaunchScreen.xib;
			sourceTree = "<group>";
		};
/* End PBXVariantGroup section */

/* Begin XCBuildConfiguration section */
		0F6AD6121AE0B51100D965C5 /* Debug */ = {
			isa = XCBuildConfiguration;
			buildSettings = {
				ALWAYS_SEARCH_USER_PATHS = NO;
				CLANG_CXX_LANGUAGE_STANDARD = "gnu++0x";
				CLANG_CXX_LIBRARY = "libc++";
				CLANG_ENABLE_MODULES = YES;
				CLANG_ENABLE_OBJC_ARC = YES;
				CLANG_WARN_BOOL_CONVERSION = YES;
				CLANG_WARN_CONSTANT_CONVERSION = YES;
				CLANG_WARN_DIRECT_OBJC_ISA_USAGE = YES_ERROR;
				CLANG_WARN_EMPTY_BODY = YES;
				CLANG_WARN_ENUM_CONVERSION = YES;
				CLANG_WARN_INT_CONVERSION = YES;
				CLANG_WARN_OBJC_ROOT_CLASS = YES_ERROR;
				CLANG_WARN_UNREACHABLE_CODE = YES;
				CLANG_WARN__DUPLICATE_METHOD_MATCH = YES;
				"CODE_SIGN_IDENTITY[sdk=iphoneos*]" = "iPhone Developer";
				COPY_PHASE_STRIP = NO;
				ENABLE_STRICT_OBJC_MSGSEND = YES;
				GCC_C_LANGUAGE_STANDARD = gnu99;
				GCC_DYNAMIC_NO_PIC = NO;
				GCC_OPTIMIZATION_LEVEL = 0;
				GCC_PREPROCESSOR_DEFINITIONS = (
					"DEBUG=1",
					"$(inherited)",
				);
				GCC_SYMBOLS_PRIVATE_EXTERN = NO;
				GCC_WARN_64_TO_32_BIT_CONVERSION = YES;
				GCC_WARN_ABOUT_RETURN_TYPE = YES_ERROR;
				GCC_WARN_UNDECLARED_SELECTOR = YES;
				GCC_WARN_UNINITIALIZED_AUTOS = YES_AGGRESSIVE;
				GCC_WARN_UNUSED_FUNCTION = YES;
				GCC_WARN_UNUSED_VARIABLE = YES;
				IPHONEOS_DEPLOYMENT_TARGET = 8.2;
				MTL_ENABLE_DEBUG_INFO = YES;
				ONLY_ACTIVE_ARCH = YES;
				SDKROOT = iphoneos;
				SWIFT_OPTIMIZATION_LEVEL = "-Onone";
			};
			name = Debug;
		};
		0F6AD6131AE0B51100D965C5 /* Release */ = {
			isa = XCBuildConfiguration;
			buildSettings = {
				ALWAYS_SEARCH_USER_PATHS = NO;
				CLANG_CXX_LANGUAGE_STANDARD = "gnu++0x";
				CLANG_CXX_LIBRARY = "libc++";
				CLANG_ENABLE_MODULES = YES;
				CLANG_ENABLE_OBJC_ARC = YES;
				CLANG_WARN_BOOL_CONVERSION = YES;
				CLANG_WARN_CONSTANT_CONVERSION = YES;
				CLANG_WARN_DIRECT_OBJC_ISA_USAGE = YES_ERROR;
				CLANG_WARN_EMPTY_BODY = YES;
				CLANG_WARN_ENUM_CONVERSION = YES;
				CLANG_WARN_INT_CONVERSION = YES;
				CLANG_WARN_OBJC_ROOT_CLASS = YES_ERROR;
				CLANG_WARN_UNREACHABLE_CODE = YES;
				CLANG_WARN__DUPLICATE_METHOD_MATCH = YES;
				"CODE_SIGN_IDENTITY[sdk=iphoneos*]" = "iPhone Developer";
				COPY_PHASE_STRIP = NO;
				ENABLE_NS_ASSERTIONS = NO;
				ENABLE_STRICT_OBJC_MSGSEND = YES;
				GCC_C_LANGUAGE_STANDARD = gnu99;
				GCC_WARN_64_TO_32_BIT_CONVERSION = YES;
				GCC_WARN_ABOUT_RETURN_TYPE = YES_ERROR;
				GCC_WARN_UNDECLARED_SELECTOR = YES;
				GCC_WARN_UNINITIALIZED_AUTOS = YES_AGGRESSIVE;
				GCC_WARN_UNUSED_FUNCTION = YES;
				GCC_WARN_UNUSED_VARIABLE = YES;
				IPHONEOS_DEPLOYMENT_TARGET = 8.2;
				MTL_ENABLE_DEBUG_INFO = NO;
				SDKROOT = iphoneos;
				VALIDATE_PRODUCT = YES;
			};
			name = Release;
		};
		0F6AD6151AE0B51100D965C5 /* Debug */ = {
			isa = XCBuildConfiguration;
			buildSettings = {
				ASSETCATALOG_COMPILER_APPICON_NAME = AppIcon;
				CODE_SIGN_IDENTITY = "iPhone Developer";
				INFOPLIST_FILE = CLRegionMonitor/Info.plist;
				IPHONEOS_DEPLOYMENT_TARGET = 8.0;
				LD_RUNPATH_SEARCH_PATHS = "$(inherited) @executable_path/Frameworks";
				PRODUCT_NAME = "$(TARGET_NAME)";
			};
			name = Debug;
		};
		0F6AD6161AE0B51100D965C5 /* Release */ = {
			isa = XCBuildConfiguration;
			buildSettings = {
				ASSETCATALOG_COMPILER_APPICON_NAME = AppIcon;
				CODE_SIGN_IDENTITY = "iPhone Developer";
				INFOPLIST_FILE = CLRegionMonitor/Info.plist;
				IPHONEOS_DEPLOYMENT_TARGET = 8.0;
				LD_RUNPATH_SEARCH_PATHS = "$(inherited) @executable_path/Frameworks";
				PRODUCT_NAME = "$(TARGET_NAME)";
			};
			name = Release;
		};
		0F6AD6181AE0B51100D965C5 /* Debug */ = {
			isa = XCBuildConfiguration;
			buildSettings = {
				BUNDLE_LOADER = "$(TEST_HOST)";
				FRAMEWORK_SEARCH_PATHS = (
					"$(SDKROOT)/Developer/Library/Frameworks",
					"$(inherited)",
				);
				GCC_PREPROCESSOR_DEFINITIONS = (
					"DEBUG=1",
					"$(inherited)",
				);
				INFOPLIST_FILE = CLRegionMonitorTests/Info.plist;
				LD_RUNPATH_SEARCH_PATHS = "$(inherited) @executable_path/Frameworks @loader_path/Frameworks";
				PRODUCT_NAME = "$(TARGET_NAME)";
				TEST_HOST = "$(BUILT_PRODUCTS_DIR)/CLRegionMonitor.app/CLRegionMonitor";
			};
			name = Debug;
		};
		0F6AD6191AE0B51100D965C5 /* Release */ = {
			isa = XCBuildConfiguration;
			buildSettings = {
				BUNDLE_LOADER = "$(TEST_HOST)";
				FRAMEWORK_SEARCH_PATHS = (
					"$(SDKROOT)/Developer/Library/Frameworks",
					"$(inherited)",
				);
				INFOPLIST_FILE = CLRegionMonitorTests/Info.plist;
				LD_RUNPATH_SEARCH_PATHS = "$(inherited) @executable_path/Frameworks @loader_path/Frameworks";
				PRODUCT_NAME = "$(TARGET_NAME)";
				TEST_HOST = "$(BUILT_PRODUCTS_DIR)/CLRegionMonitor.app/CLRegionMonitor";
			};
			name = Release;
		};
/* End XCBuildConfiguration section */

/* Begin XCConfigurationList section */
		0F6AD5F01AE0B51100D965C5 /* Build configuration list for PBXProject "CLRegionMonitor" */ = {
			isa = XCConfigurationList;
			buildConfigurations = (
				0F6AD6121AE0B51100D965C5 /* Debug */,
				0F6AD6131AE0B51100D965C5 /* Release */,
			);
			defaultConfigurationIsVisible = 0;
			defaultConfigurationName = Release;
		};
		0F6AD6141AE0B51100D965C5 /* Build configuration list for PBXNativeTarget "CLRegionMonitor" */ = {
			isa = XCConfigurationList;
			buildConfigurations = (
				0F6AD6151AE0B51100D965C5 /* Debug */,
				0F6AD6161AE0B51100D965C5 /* Release */,
			);
			defaultConfigurationIsVisible = 0;
			defaultConfigurationName = Release;
		};
		0F6AD6171AE0B51100D965C5 /* Build configuration list for PBXNativeTarget "CLRegionMonitorTests" */ = {
			isa = XCConfigurationList;
			buildConfigurations = (
				0F6AD6181AE0B51100D965C5 /* Debug */,
				0F6AD6191AE0B51100D965C5 /* Release */,
			);
			defaultConfigurationIsVisible = 0;
			defaultConfigurationName = Release;
		};
/* End XCConfigurationList section */
	};
	rootObject = 0F6AD5ED1AE0B51100D965C5 /* Project object */;
}
